
Microsoft Visual Studio Solution File, Format Version 12.00
# Visual Studio Version 17
VisualStudioVersion = 17.7.34024.191
MinimumVisualStudioVersion = 10.0.40219.1
Project("{FAE04EC0-301F-11D3-BF4B-00C04F79EFBC}") = "SUPROM_RESTfulAPI", "SUPROM_RESTfulAPI.csproj", "{53CF666D-4C69-4E7D-BB29-0BA5C839CD82}"
EndProject
Global
	GlobalSection(SolutionConfigurationPlatforms) = preSolution
		Debug|Any CPU = Debug|Any CPU
		Release|Any CPU = Release|Any CPU
	EndGlobalSection
	GlobalSection(ProjectConfigurationPlatforms) = postSolution
		{53CF666D-4C69-4E7D-BB29-0BA5C839CD82}.Debug|Any CPU.ActiveCfg = Debug|Any CPU
		{53CF666D-4C69-4E7D-BB29-0BA5C839CD82}.Debug|Any CPU.Build.0 = Debug|Any CPU
		{53CF666D-4C69-4E7D-BB29-0BA5C839CD82}.Release|Any CPU.ActiveCfg = Release|Any CPU
		{53CF666D-4C69-4E7D-BB29-0BA5C839CD82}.Release|Any CPU.Build.0 = Release|Any CPU
	EndGlobalSection
	GlobalSection(SolutionProperties) = preSolution
		HideSolutionNode = FALSE
	EndGlobalSection
	GlobalSection(ExtensibilityGlobals) = postSolution
		SolutionGuid = {6029BF77-14F0-4881-9DA7-21A583860C77}
	EndGlobalSection
EndGlobal
